
Microsoft Visual Studio Solution File, Format Version 12.00
# Visual Studio 15
VisualStudioVersion = 15.0.27130.2003
MinimumVisualStudioVersion = 10.0.40219.1
Project("{8BC9CEB8-8B4A-11D0-8D11-00A0C91BC942}") = "SIGNStatTAsk", "SIGNStatTAsk.vcxproj", "{9EDEBD64-2440-41B0-971F-0B9C767D82C8}"
EndProject
Global
	GlobalSection(SolutionConfigurationPlatforms) = preSolution
		Debug|x86 = Debug|x86
		Release|x86 = Release|x86
	EndGlobalSection
	GlobalSection(ProjectConfigurationPlatforms) = postSolution
		{9EDEBD64-2440-41B0-971F-0B9C767D82C8}.Debug|x86.ActiveCfg = Debug|Win32
		{9EDEBD64-2440-41B0-971F-0B9C767D82C8}.Debug|x86.Build.0 = Debug|Win32
		{9EDEBD64-2440-41B0-971F-0B9C767D82C8}.Release|x86.ActiveCfg = Release|Win32
		{9EDEBD64-2440-41B0-971F-0B9C767D82C8}.Release|x86.Build.0 = Release|Win32
	EndGlobalSection
	GlobalSection(SolutionProperties) = preSolution
		HideSolutionNode = FALSE
	EndGlobalSection
	GlobalSection(ExtensibilityGlobals) = postSolution
		SolutionGuid = {EE136246-EDD6-4EC6-91C0-6BE82D97C278}
	EndGlobalSection
EndGlobal
